
Microsoft Visual Studio Solution File, Format Version 12.00
# Visual Studio Version 17
VisualStudioVersion = 17.5.33103.201
MinimumVisualStudioVersion = 10.0.40219.1
Project("{9A19103F-16F7-4668-BE54-9A1E7A4F7556}") = "ImageResizer", "ImageResizer.csproj", "{A5AB0DF2-1C15-4E7A-98F6-A32FFA1BBDCF}"
EndProject
Global
	GlobalSection(SolutionConfigurationPlatforms) = preSolution
		Debug|Any CPU = Debug|Any CPU
		Release|Any CPU = Release|Any CPU
	EndGlobalSection
	GlobalSection(ProjectConfigurationPlatforms) = postSolution
		{A5AB0DF2-1C15-4E7A-98F6-A32FFA1BBDCF}.Debug|Any CPU.ActiveCfg = Debug|Any CPU
		{A5AB0DF2-1C15-4E7A-98F6-A32FFA1BBDCF}.Debug|Any CPU.Build.0 = Debug|Any CPU
		{A5AB0DF2-1C15-4E7A-98F6-A32FFA1BBDCF}.Release|Any CPU.ActiveCfg = Release|Any CPU
		{A5AB0DF2-1C15-4E7A-98F6-A32FFA1BBDCF}.Release|Any CPU.Build.0 = Release|Any CPU
	EndGlobalSection
	GlobalSection(SolutionProperties) = preSolution
		HideSolutionNode = FALSE
	EndGlobalSection
	GlobalSection(ExtensibilityGlobals) = postSolution
		SolutionGuid = {41A9D08D-AAAF-44CA-894E-3CC30F7E4330}
	EndGlobalSection
EndGlobal
